// !$*UTF8*$!
{
	archiveVersion = 1;
	classes = {
	};
	objectVersion = 50;
	objects = {

/* Begin PBXBuildFile section */
		19FC73D520B9493D007F6D10 /* AppDelegate.m in Sources */ = {isa = PBXBuildFile; fileRef = 19FC73D420B9493D007F6D10 /* AppDelegate.m */; };
		19FC73D820B9493D007F6D10 /* ViewController.m in Sources */ = {isa = PBXBuildFile; fileRef = 19FC73D720B9493D007F6D10 /* ViewController.m */; };
		19FC73DA20B9493E007F6D10 /* Assets.xcassets in Resources */ = {isa = PBXBuildFile; fileRef = 19FC73D920B9493E007F6D10 /* Assets.xcassets */; };
		19FC73DD20B9493E007F6D10 /* Main.storyboard in Resources */ = {isa = PBXBuildFile; fileRef = 19FC73DB20B9493E007F6D10 /* Main.storyboard */; };
		19FC73E020B9493E007F6D10 /* main.m in Sources */ = {isa = PBXBuildFile; fileRef = 19FC73DF20B9493E007F6D10 /* main.m */; };
		19FC73E920B94F31007F6D10 /* MTBWebServer.m in Sources */ = {isa = PBXBuildFile; fileRef = 19FC73E820B94F31007F6D10 /* MTBWebServer.m */; };
		19FC73EC20B9A60F007F6D10 /* MTBWebServerFormDataRequest.m in Sources */ = {isa = PBXBuildFile; fileRef = 19FC73EB20B9A60F007F6D10 /* MTBWebServerFormDataRequest.m */; };
		19FC73F220B9B003007F6D10 /* MTBPSLaunchOptionsViewController.m in Sources */ = {isa = PBXBuildFile; fileRef = 19FC73F120B9B003007F6D10 /* MTBPSLaunchOptionsViewController.m */; };
		19FC73F620B9B07D007F6D10 /* MTBPSToolViewController.m in Sources */ = {isa = PBXBuildFile; fileRef = 19FC73F420B9B07D007F6D10 /* MTBPSToolViewController.m */; };
		19FC73FD20B9B68B007F6D10 /* NSImageView+BackgroundColor.m in Sources */ = {isa = PBXBuildFile; fileRef = 19FC73FC20B9B68B007F6D10 /* NSImageView+BackgroundColor.m */; };
		19FC740620B9B89C007F6D10 /* MTBFolderInfo.m in Sources */ = {isa = PBXBuildFile; fileRef = 19FC740520B9B89C007F6D10 /* MTBFolderInfo.m */; };
		697DABB1FCC6B56AED90A0A7 /* libPods-MTBuilder.a in Frameworks */ = {isa = PBXBuildFile; fileRef = CF67047A43446DA5D7019C05 /* libPods-MTBuilder.a */; };
/* End PBXBuildFile section */

/* Begin PBXFileReference section */
		19FC73D020B9493D007F6D10 /* MTBuilder.app */ = {isa = PBXFileReference; explicitFileType = wrapper.application; includeInIndex = 0; path = MTBuilder.app; sourceTree = BUILT_PRODUCTS_DIR; };
		19FC73D320B9493D007F6D10 /* AppDelegate.h */ = {isa = PBXFileReference; lastKnownFileType = sourcecode.c.h; path = AppDelegate.h; sourceTree = "<group>"; };
		19FC73D420B9493D007F6D10 /* AppDelegate.m */ = {isa = PBXFileReference; lastKnownFileType = sourcecode.c.objc; path = AppDelegate.m; sourceTree = "<group>"; };
		19FC73D620B9493D007F6D10 /* ViewController.h */ = {isa = PBXFileReference; lastKnownFileType = sourcecode.c.h; path = ViewController.h; sourceTree = "<group>"; };
		19FC73D720B9493D007F6D10 /* ViewController.m */ = {isa = PBXFileReference; lastKnownFileType = sourcecode.c.objc; path = ViewController.m; sourceTree = "<group>"; };
		19FC73D920B9493E007F6D10 /* Assets.xcassets */ = {isa = PBXFileReference; lastKnownFileType = folder.assetcatalog; path = Assets.xcassets; sourceTree = "<group>"; };
		19FC73DC20B9493E007F6D10 /* Base */ = {isa = PBXFileReference; lastKnownFileType = file.storyboard; name = Base; path = Base.lproj/Main.storyboard; sourceTree = "<group>"; };
		19FC73DE20B9493E007F6D10 /* Info.plist */ = {isa = PBXFileReference; lastKnownFileType = text.plist.xml; path = Info.plist; sourceTree = "<group>"; };
		19FC73DF20B9493E007F6D10 /* main.m */ = {isa = PBXFileReference; lastKnownFileType = sourcecode.c.objc; path = main.m; sourceTree = "<group>"; };
		19FC73E120B9493E007F6D10 /* MTBuilder.entitlements */ = {isa = PBXFileReference; lastKnownFileType = text.plist.entitlements; path = MTBuilder.entitlements; sourceTree = "<group>"; };
		19FC73E720B94F31007F6D10 /* MTBWebServer.h */ = {isa = PBXFileReference; lastKnownFileType = sourcecode.c.h; path = MTBWebServer.h; sourceTree = "<group>"; };
		19FC73E820B94F31007F6D10 /* MTBWebServer.m */ = {isa = PBXFileReference; lastKnownFileType = sourcecode.c.objc; path = MTBWebServer.m; sourceTree = "<group>"; };
		19FC73EA20B9A60F007F6D10 /* MTBWebServerFormDataRequest.h */ = {isa = PBXFileReference; lastKnownFileType = sourcecode.c.h; path = MTBWebServerFormDataRequest.h; sourceTree = "<group>"; };
		19FC73EB20B9A60F007F6D10 /* MTBWebServerFormDataRequest.m */ = {isa = PBXFileReference; lastKnownFileType = sourcecode.c.objc; path = MTBWebServerFormDataRequest.m; sourceTree = "<group>"; };
		19FC73F020B9B003007F6D10 /* MTBPSLaunchOptionsViewController.h */ = {isa = PBXFileReference; lastKnownFileType = sourcecode.c.h; path = MTBPSLaunchOptionsViewController.h; sourceTree = "<group>"; };
		19FC73F120B9B003007F6D10 /* MTBPSLaunchOptionsViewController.m */ = {isa = PBXFileReference; lastKnownFileType = sourcecode.c.objc; path = MTBPSLaunchOptionsViewController.m; sourceTree = "<group>"; };
		19FC73F320B9B07D007F6D10 /* MTBPSToolViewController.h */ = {isa = PBXFileReference; lastKnownFileType = sourcecode.c.h; path = MTBPSToolViewController.h; sourceTree = "<group>"; };
		19FC73F420B9B07D007F6D10 /* MTBPSToolViewController.m */ = {isa = PBXFileReference; lastKnownFileType = sourcecode.c.objc; path = MTBPSToolViewController.m; sourceTree = "<group>"; };
		19FC73FB20B9B68B007F6D10 /* NSImageView+BackgroundColor.h */ = {isa = PBXFileReference; lastKnownFileType = sourcecode.c.h; path = "NSImageView+BackgroundColor.h"; sourceTree = "<group>"; };
		19FC73FC20B9B68B007F6D10 /* NSImageView+BackgroundColor.m */ = {isa = PBXFileReference; lastKnownFileType = sourcecode.c.objc; path = "NSImageView+BackgroundColor.m"; sourceTree = "<group>"; };
		19FC740420B9B89C007F6D10 /* MTBFolderInfo.h */ = {isa = PBXFileReference; lastKnownFileType = sourcecode.c.h; path = MTBFolderInfo.h; sourceTree = "<group>"; };
		19FC740520B9B89C007F6D10 /* MTBFolderInfo.m */ = {isa = PBXFileReference; lastKnownFileType = sourcecode.c.objc; path = MTBFolderInfo.m; sourceTree = "<group>"; };
		8A08EF484385ED4E8538C56B /* Pods-MTBuilder.release.xcconfig */ = {isa = PBXFileReference; includeInIndex = 1; lastKnownFileType = text.xcconfig; name = "Pods-MTBuilder.release.xcconfig"; path = "Pods/Target Support Files/Pods-MTBuilder/Pods-MTBuilder.release.xcconfig"; sourceTree = "<group>"; };
		CF67047A43446DA5D7019C05 /* libPods-MTBuilder.a */ = {isa = PBXFileReference; explicitFileType = archive.ar; includeInIndex = 0; path = "libPods-MTBuilder.a"; sourceTree = BUILT_PRODUCTS_DIR; };
		E7403219163DA28B24CAF240 /* Pods-MTBuilder.debug.xcconfig */ = {isa = PBXFileReference; includeInIndex = 1; lastKnownFileType = text.xcconfig; name = "Pods-MTBuilder.debug.xcconfig"; path = "Pods/Target Support Files/Pods-MTBuilder/Pods-MTBuilder.debug.xcconfig"; sourceTree = "<group>"; };
/* End PBXFileReference section */

/* Begin PBXFrameworksBuildPhase section */
		19FC73CD20B9493D007F6D10 /* Frameworks */ = {
			isa = PBXFrameworksBuildPhase;
			buildActionMask = 2147483647;
			files = (
				697DABB1FCC6B56AED90A0A7 /* libPods-MTBuilder.a in Frameworks */,
			);
			runOnlyForDeploymentPostprocessing = 0;
		};
/* End PBXFrameworksBuildPhase section */

/* Begin PBXGroup section */
		19FC73C720B9493D007F6D10 = {
			isa = PBXGroup;
			children = (
				19FC73D220B9493D007F6D10 /* MTBuilder */,
				19FC73D120B9493D007F6D10 /* Products */,
				46D518A65129C3EB88D58AE8 /* Pods */,
				D98430338ABA4ED41BC5715E /* Frameworks */,
			);
			sourceTree = "<group>";
		};
		19FC73D120B9493D007F6D10 /* Products */ = {
			isa = PBXGroup;
			children = (
				19FC73D020B9493D007F6D10 /* MTBuilder.app */,
			);
			name = Products;
			sourceTree = "<group>";
		};
		19FC73D220B9493D007F6D10 /* MTBuilder */ = {
			isa = PBXGroup;
			children = (
				19FC740320B9B888007F6D10 /* Utils */,
				19FC73EF20B9AFE3007F6D10 /* PSTool */,
				19FC73EE20B9AFDB007F6D10 /* WebServer */,
				19FC73ED20B9AFC7007F6D10 /* MainMenu */,
				19FC73D320B9493D007F6D10 /* AppDelegate.h */,
				19FC73D420B9493D007F6D10 /* AppDelegate.m */,
				19FC73D920B9493E007F6D10 /* Assets.xcassets */,
				19FC73DB20B9493E007F6D10 /* Main.storyboard */,
				19FC73DE20B9493E007F6D10 /* Info.plist */,
				19FC73DF20B9493E007F6D10 /* main.m */,
				19FC73E120B9493E007F6D10 /* MTBuilder.entitlements */,
			);
			path = MTBuilder;
			sourceTree = "<group>";
		};
		19FC73ED20B9AFC7007F6D10 /* MainMenu */ = {
			isa = PBXGroup;
			children = (
				19FC73D620B9493D007F6D10 /* ViewController.h */,
				19FC73D720B9493D007F6D10 /* ViewController.m */,
			);
			path = MainMenu;
			sourceTree = "<group>";
		};
		19FC73EE20B9AFDB007F6D10 /* WebServer */ = {
			isa = PBXGroup;
			children = (
				19FC73E720B94F31007F6D10 /* MTBWebServer.h */,
				19FC73E820B94F31007F6D10 /* MTBWebServer.m */,
				19FC73EA20B9A60F007F6D10 /* MTBWebServerFormDataRequest.h */,
				19FC73EB20B9A60F007F6D10 /* MTBWebServerFormDataRequest.m */,
			);
			path = WebServer;
			sourceTree = "<group>";
		};
		19FC73EF20B9AFE3007F6D10 /* PSTool */ = {
			isa = PBXGroup;
			children = (
				19FC73F020B9B003007F6D10 /* MTBPSLaunchOptionsViewController.h */,
				19FC73F120B9B003007F6D10 /* MTBPSLaunchOptionsViewController.m */,
				19FC73F320B9B07D007F6D10 /* MTBPSToolViewController.h */,
				19FC73F420B9B07D007F6D10 /* MTBPSToolViewController.m */,
				19FC73FB20B9B68B007F6D10 /* NSImageView+BackgroundColor.h */,
				19FC73FC20B9B68B007F6D10 /* NSImageView+BackgroundColor.m */,
			);
			path = PSTool;
			sourceTree = "<group>";
		};
		19FC740320B9B888007F6D10 /* Utils */ = {
			isa = PBXGroup;
			children = (
				19FC740420B9B89C007F6D10 /* MTBFolderInfo.h */,
				19FC740520B9B89C007F6D10 /* MTBFolderInfo.m */,
			);
			path = Utils;
			sourceTree = "<group>";
		};
		46D518A65129C3EB88D58AE8 /* Pods */ = {
			isa = PBXGroup;
			children = (
				E7403219163DA28B24CAF240 /* Pods-MTBuilder.debug.xcconfig */,
				8A08EF484385ED4E8538C56B /* Pods-MTBuilder.release.xcconfig */,
			);
			name = Pods;
			sourceTree = "<group>";
		};
		D98430338ABA4ED41BC5715E /* Frameworks */ = {
			isa = PBXGroup;
			children = (
				CF67047A43446DA5D7019C05 /* libPods-MTBuilder.a */,
			);
			name = Frameworks;
			sourceTree = "<group>";
		};
/* End PBXGroup section */

/* Begin PBXNativeTarget section */
		19FC73CF20B9493D007F6D10 /* MTBuilder */ = {
			isa = PBXNativeTarget;
			buildConfigurationList = 19FC73E420B9493E007F6D10 /* Build configuration list for PBXNativeTarget "MTBuilder" */;
			buildPhases = (
				82456223BC0E6219BF986D82 /* [CP] Check Pods Manifest.lock */,
				19FC73CC20B9493D007F6D10 /* Sources */,
				19FC73CD20B9493D007F6D10 /* Frameworks */,
				19FC73CE20B9493D007F6D10 /* Resources */,
				6E268B03A38E8B3F393AB8DD /* [CP] Embed Pods Frameworks */,
				430B4F164EFC323246BA4E4F /* [CP] Copy Pods Resources */,
			);
			buildRules = (
			);
			dependencies = (
			);
			name = MTBuilder;
			productName = MTBuilder;
			productReference = 19FC73D020B9493D007F6D10 /* MTBuilder.app */;
			productType = "com.apple.product-type.application";
		};
/* End PBXNativeTarget section */

/* Begin PBXProject section */
		19FC73C820B9493D007F6D10 /* Project object */ = {
			isa = PBXProject;
			attributes = {
				LastUpgradeCheck = 0930;
				ORGANIZATIONNAME = "熊典";
				TargetAttributes = {
					19FC73CF20B9493D007F6D10 = {
						CreatedOnToolsVersion = 9.3.1;
					};
				};
			};
			buildConfigurationList = 19FC73CB20B9493D007F6D10 /* Build configuration list for PBXProject "MTBuilder" */;
			compatibilityVersion = "Xcode 9.3";
			developmentRegion = en;
			hasScannedForEncodings = 0;
			knownRegions = (
				en,
				Base,
			);
			mainGroup = 19FC73C720B9493D007F6D10;
			productRefGroup = 19FC73D120B9493D007F6D10 /* Products */;
			projectDirPath = "";
			projectRoot = "";
			targets = (
				19FC73CF20B9493D007F6D10 /* MTBuilder */,
			);
		};
/* End PBXProject section */

/* Begin PBXResourcesBuildPhase section */
		19FC73CE20B9493D007F6D10 /* Resources */ = {
			isa = PBXResourcesBuildPhase;
			buildActionMask = 2147483647;
			files = (
				19FC73DA20B9493E007F6D10 /* Assets.xcassets in Resources */,
				19FC73DD20B9493E007F6D10 /* Main.storyboard in Resources */,
			);
			runOnlyForDeploymentPostprocessing = 0;
		};
/* End PBXResourcesBuildPhase section */

/* Begin PBXShellScriptBuildPhase section */
		430B4F164EFC323246BA4E4F /* [CP] Copy Pods Resources */ = {
			isa = PBXShellScriptBuildPhase;
			buildActionMask = 2147483647;
			files = (
			);
			inputPaths = (
			);
			name = "[CP] Copy Pods Resources";
			outputPaths = (
			);
			runOnlyForDeploymentPostprocessing = 0;
			shellPath = /bin/sh;
			shellScript = "\"${SRCROOT}/Pods/Target Support Files/Pods-MTBuilder/Pods-MTBuilder-resources.sh\"\n";
			showEnvVarsInLog = 0;
		};
		6E268B03A38E8B3F393AB8DD /* [CP] Embed Pods Frameworks */ = {
			isa = PBXShellScriptBuildPhase;
			buildActionMask = 2147483647;
			files = (
			);
			inputPaths = (
			);
			name = "[CP] Embed Pods Frameworks";
			outputPaths = (
			);
			runOnlyForDeploymentPostprocessing = 0;
			shellPath = /bin/sh;
			shellScript = "\"${SRCROOT}/Pods/Target Support Files/Pods-MTBuilder/Pods-MTBuilder-frameworks.sh\"\n";
			showEnvVarsInLog = 0;
		};
		82456223BC0E6219BF986D82 /* [CP] Check Pods Manifest.lock */ = {
			isa = PBXShellScriptBuildPhase;
			buildActionMask = 2147483647;
			files = (
			);
			inputPaths = (
				"${PODS_PODFILE_DIR_PATH}/Podfile.lock",
				"${PODS_ROOT}/Manifest.lock",
			);
			name = "[CP] Check Pods Manifest.lock";
			outputPaths = (
				"$(DERIVED_FILE_DIR)/Pods-MTBuilder-checkManifestLockResult.txt",
			);
			runOnlyForDeploymentPostprocessing = 0;
			shellPath = /bin/sh;
			shellScript = "diff \"${PODS_PODFILE_DIR_PATH}/Podfile.lock\" \"${PODS_ROOT}/Manifest.lock\" > /dev/null\nif [ $? != 0 ] ; then\n    # print error to STDERR\n    echo \"error: The sandbox is not in sync with the Podfile.lock. Run 'pod install' or update your CocoaPods installation.\" >&2\n    exit 1\nfi\n# This output is used by Xcode 'outputs' to avoid re-running this script phase.\necho \"SUCCESS\" > \"${SCRIPT_OUTPUT_FILE_0}\"\n";
			showEnvVarsInLog = 0;
		};
/* End PBXShellScriptBuildPhase section */

/* Begin PBXSourcesBuildPhase section */
		19FC73CC20B9493D007F6D10 /* Sources */ = {
			isa = PBXSourcesBuildPhase;
			buildActionMask = 2147483647;
			files = (
				19FC73D820B9493D007F6D10 /* ViewController.m in Sources */,
				19FC73FD20B9B68B007F6D10 /* NSImageView+BackgroundColor.m in Sources */,
				19FC73EC20B9A60F007F6D10 /* MTBWebServerFormDataRequest.m in Sources */,
				19FC73E920B94F31007F6D10 /* MTBWebServer.m in Sources */,
				19FC73F220B9B003007F6D10 /* MTBPSLaunchOptionsViewController.m in Sources */,
				19FC740620B9B89C007F6D10 /* MTBFolderInfo.m in Sources */,
				19FC73E020B9493E007F6D10 /* main.m in Sources */,
				19FC73D520B9493D007F6D10 /* AppDelegate.m in Sources */,
				19FC73F620B9B07D007F6D10 /* MTBPSToolViewController.m in Sources */,
			);
			runOnlyForDeploymentPostprocessing = 0;
		};
/* End PBXSourcesBuildPhase section */

/* Begin PBXVariantGroup section */
		19FC73DB20B9493E007F6D10 /* Main.storyboard */ = {
			isa = PBXVariantGroup;
			children = (
				19FC73DC20B9493E007F6D10 /* Base */,
			);
			name = Main.storyboard;
			sourceTree = "<group>";
		};
/* End PBXVariantGroup section */

/* Begin XCBuildConfiguration section */
		19FC73E220B9493E007F6D10 /* Debug */ = {
			isa = XCBuildConfiguration;
			buildSettings = {
				ALWAYS_SEARCH_USER_PATHS = NO;
				CLANG_ANALYZER_NONNULL = YES;
				CLANG_ANALYZER_NUMBER_OBJECT_CONVERSION = YES_AGGRESSIVE;
				CLANG_CXX_LANGUAGE_STANDARD = "gnu++14";
				CLANG_CXX_LIBRARY = "libc++";
				CLANG_ENABLE_MODULES = YES;
				CLANG_ENABLE_OBJC_ARC = YES;
				CLANG_ENABLE_OBJC_WEAK = YES;
				CLANG_WARN_BLOCK_CAPTURE_AUTORELEASING = YES;
				CLANG_WARN_BOOL_CONVERSION = YES;
				CLANG_WARN_COMMA = YES;
				CLANG_WARN_CONSTANT_CONVERSION = YES;
				CLANG_WARN_DEPRECATED_OBJC_IMPLEMENTATIONS = YES;
				CLANG_WARN_DIRECT_OBJC_ISA_USAGE = YES_ERROR;
				CLANG_WARN_DOCUMENTATION_COMMENTS = YES;
				CLANG_WARN_EMPTY_BODY = YES;
				CLANG_WARN_ENUM_CONVERSION = YES;
				CLANG_WARN_INFINITE_RECURSION = YES;
				CLANG_WARN_INT_CONVERSION = YES;
				CLANG_WARN_NON_LITERAL_NULL_CONVERSION = YES;
				CLANG_WARN_OBJC_IMPLICIT_RETAIN_SELF = YES;
				CLANG_WARN_OBJC_LITERAL_CONVERSION = YES;
				CLANG_WARN_OBJC_ROOT_CLASS = YES_ERROR;
				CLANG_WARN_RANGE_LOOP_ANALYSIS = YES;
				CLANG_WARN_STRICT_PROTOTYPES = YES;
				CLANG_WARN_SUSPICIOUS_MOVE = YES;
				CLANG_WARN_UNGUARDED_AVAILABILITY = YES_AGGRESSIVE;
				CLANG_WARN_UNREACHABLE_CODE = YES;
				CLANG_WARN__DUPLICATE_METHOD_MATCH = YES;
				CODE_SIGN_IDENTITY = "Mac Developer";
				COPY_PHASE_STRIP = NO;
				DEBUG_INFORMATION_FORMAT = dwarf;
				ENABLE_STRICT_OBJC_MSGSEND = YES;
				ENABLE_TESTABILITY = YES;
				GCC_C_LANGUAGE_STANDARD = gnu11;
				GCC_DYNAMIC_NO_PIC = NO;
				GCC_NO_COMMON_BLOCKS = YES;
				GCC_OPTIMIZATION_LEVEL = 0;
				GCC_PREPROCESSOR_DEFINITIONS = (
					"DEBUG=1",
					"$(inherited)",
				);
				GCC_WARN_64_TO_32_BIT_CONVERSION = YES;
				GCC_WARN_ABOUT_RETURN_TYPE = YES_ERROR;
				GCC_WARN_UNDECLARED_SELECTOR = YES;
				GCC_WARN_UNINITIALIZED_AUTOS = YES_AGGRESSIVE;
				GCC_WARN_UNUSED_FUNCTION = YES;
				GCC_WARN_UNUSED_VARIABLE = YES;
				MACOSX_DEPLOYMENT_TARGET = 10.13;
				MTL_ENABLE_DEBUG_INFO = YES;
				ONLY_ACTIVE_ARCH = YES;
				SDKROOT = macosx;
			};
			name = Debug;
		};
		19FC73E320B9493E007F6D10 /* Release */ = {
			isa = XCBuildConfiguration;
			buildSettings = {
				ALWAYS_SEARCH_USER_PATHS = NO;
				CLANG_ANALYZER_NONNULL = YES;
				CLANG_ANALYZER_NUMBER_OBJECT_CONVERSION = YES_AGGRESSIVE;
				CLANG_CXX_LANGUAGE_STANDARD = "gnu++14";
				CLANG_CXX_LIBRARY = "libc++";
				CLANG_ENABLE_MODULES = YES;
				CLANG_ENABLE_OBJC_ARC = YES;
				CLANG_ENABLE_OBJC_WEAK = YES;
				CLANG_WARN_BLOCK_CAPTURE_AUTORELEASING = YES;
				CLANG_WARN_BOOL_CONVERSION = YES;
				CLANG_WARN_COMMA = YES;
				CLANG_WARN_CONSTANT_CONVERSION = YES;
				CLANG_WARN_DEPRECATED_OBJC_IMPLEMENTATIONS = YES;
				CLANG_WARN_DIRECT_OBJC_ISA_USAGE = YES_ERROR;
				CLANG_WARN_DOCUMENTATION_COMMENTS = YES;
				CLANG_WARN_EMPTY_BODY = YES;
				CLANG_WARN_ENUM_CONVERSION = YES;
				CLANG_WARN_INFINITE_RECURSION = YES;
				CLANG_WARN_INT_CONVERSION = YES;
				CLANG_WARN_NON_LITERAL_NULL_CONVERSION = YES;
				CLANG_WARN_OBJC_IMPLICIT_RETAIN_SELF = YES;
				CLANG_WARN_OBJC_LITERAL_CONVERSION = YES;
				CLANG_WARN_OBJC_ROOT_CLASS = YES_ERROR;
				CLANG_WARN_RANGE_LOOP_ANALYSIS = YES;
				CLANG_WARN_STRICT_PROTOTYPES = YES;
				CLANG_WARN_SUSPICIOUS_MOVE = YES;
				CLANG_WARN_UNGUARDED_AVAILABILITY = YES_AGGRESSIVE;
				CLANG_WARN_UNREACHABLE_CODE = YES;
				CLANG_WARN__DUPLICATE_METHOD_MATCH = YES;
				CODE_SIGN_IDENTITY = "Mac Developer";
				COPY_PHASE_STRIP = NO;
				DEBUG_INFORMATION_FORMAT = "dwarf-with-dsym";
				ENABLE_NS_ASSERTIONS = NO;
				ENABLE_STRICT_OBJC_MSGSEND = YES;
				GCC_C_LANGUAGE_STANDARD = gnu11;
				GCC_NO_COMMON_BLOCKS = YES;
				GCC_WARN_64_TO_32_BIT_CONVERSION = YES;
				GCC_WARN_ABOUT_RETURN_TYPE = YES_ERROR;
				GCC_WARN_UNDECLARED_SELECTOR = YES;
				GCC_WARN_UNINITIALIZED_AUTOS = YES_AGGRESSIVE;
				GCC_WARN_UNUSED_FUNCTION = YES;
				GCC_WARN_UNUSED_VARIABLE = YES;
				MACOSX_DEPLOYMENT_TARGET = 10.13;
				MTL_ENABLE_DEBUG_INFO = NO;
				SDKROOT = macosx;
			};
			name = Release;
		};
		19FC73E520B9493E007F6D10 /* Debug */ = {
			isa = XCBuildConfiguration;
			baseConfigurationReference = E7403219163DA28B24CAF240 /* Pods-MTBuilder.debug.xcconfig */;
			buildSettings = {
				ASSETCATALOG_COMPILER_APPICON_NAME = AppIcon;
				CODE_SIGN_STYLE = Automatic;
				COMBINE_HIDPI_IMAGES = YES;
				DEVELOPMENT_TEAM = 674549EE7Z;
				INFOPLIST_FILE = MTBuilder/Info.plist;
				LD_RUNPATH_SEARCH_PATHS = (
					"$(inherited)",
					"@executable_path/../Frameworks",
				);
				MACOSX_DEPLOYMENT_TARGET = 10.10;
				PRODUCT_BUNDLE_IDENTIFIER = com.xiongdianpku.MTBuilder;
				PRODUCT_NAME = "$(TARGET_NAME)";
			};
			name = Debug;
		};
		19FC73E620B9493E007F6D10 /* Release */ = {
			isa = XCBuildConfiguration;
			baseConfigurationReference = 8A08EF484385ED4E8538C56B /* Pods-MTBuilder.release.xcconfig */;
			buildSettings = {
				ASSETCATALOG_COMPILER_APPICON_NAME = AppIcon;
				CODE_SIGN_STYLE = Automatic;
				COMBINE_HIDPI_IMAGES = YES;
				DEVELOPMENT_TEAM = 674549EE7Z;
				INFOPLIST_FILE = MTBuilder/Info.plist;
				LD_RUNPATH_SEARCH_PATHS = (
					"$(inherited)",
					"@executable_path/../Frameworks",
				);
				MACOSX_DEPLOYMENT_TARGET = 10.10;
				PRODUCT_BUNDLE_IDENTIFIER = com.xiongdianpku.MTBuilder;
				PRODUCT_NAME = "$(TARGET_NAME)";
			};
			name = Release;
		};
/* End XCBuildConfiguration section */

/* Begin XCConfigurationList section */
		19FC73CB20B9493D007F6D10 /* Build configuration list for PBXProject "MTBuilder" */ = {
			isa = XCConfigurationList;
			buildConfigurations = (
				19FC73E220B9493E007F6D10 /* Debug */,
				19FC73E320B9493E007F6D10 /* Release */,
			);
			defaultConfigurationIsVisible = 0;
			defaultConfigurationName = Release;
		};
		19FC73E420B9493E007F6D10 /* Build configuration list for PBXNativeTarget "MTBuilder" */ = {
			isa = XCConfigurationList;
			buildConfigurations = (
				19FC73E520B9493E007F6D10 /* Debug */,
				19FC73E620B9493E007F6D10 /* Release */,
			);
			defaultConfigurationIsVisible = 0;
			defaultConfigurationName = Release;
		};
/* End XCConfigurationList section */
	};
	rootObject = 19FC73C820B9493D007F6D10 /* Project object */;
}
